PODS:
  - Alamofire (5.6.4)
  - Charts (4.1.0):
    - Charts/Core (= 4.1.0)
  - Charts/Core (4.1.0):
    - SwiftAlgorithms (~> 1.0)
  - iCarousel (1.8.3)
  - IQKeyboardManagerSwift (6.5.11)
  - JGProgressHUD (2.2)
  - Kingfisher (7.6.2)
  - MJRefresh (3.7.5)
  - NVActivityIndicatorView (5.1.1):
    - NVActivityIndicatorView/Base (= 5.1.1)
  - NVActivityIndicatorView/Base (5.1.1)
  - Starscream (4.0.4)
  - SwiftAlgorithms (1.0.0)
  - SwiftLint (0.52.2)
  - TinyConstraints (4.0.2)

DEPENDENCIES:
  - Alamofire
  - Charts
  - iCarousel
  - IQKeyboardManagerSwift
  - JGProgressHUD
  - Kingfisher
  - MJRefresh
  - NVActivityIndicatorView
  - Starscream
  - SwiftLint
  - TinyConstraints

SPEC REPOS:
  https://github.com/CocoaPods/Specs.git:
    - Charts
    - iCarousel
    - Starscream
    - SwiftAlgorithms
    - TinyConstraints
  trunk:
    - Alamofire
    - IQKeyboardManagerSwift
    - JGProgressHUD
    - Kingfisher
    - MJRefresh
    - NVActivityIndicatorView
    - SwiftLint

SPEC CHECKSUMS:
  Alamofire: 4e95d97098eacb88856099c4fc79b526a299e48c
  Charts: 354f86803d11d9c35de280587fef50d1af063978
  iCarousel: d782f635afac190c49bb8ee455882284cff8b85f
  IQKeyboardManagerSwift: c7955c0bdbf7b2eb29bb7daaa44e3d90f55a9a85
  JGProgressHUD: d83d7a981b85d11205e19ff8ad5bb9c40571c847
  Kingfisher: 6c5449c6450c5239166510ba04afe374a98afc4f
  MJRefresh: fdf5e979eb406a0341468932d1dfc8b7f9fce961
  NVActivityIndicatorView: 1f6c5687f1171810aa27a3296814dc2d7dec3667
  Starscream: 5178aed56b316f13fa3bc55694e583d35dd414d9
  SwiftAlgorithms: 38dda4731d19027fdeee1125f973111bf3386b53
  SwiftLint: 1ac76dac888ca05cb0cf24d0c85887ec1209961d
  TinyConstraints: 7b7ccc0c485bb3bb47082138ff28bc33cd49897f

PODFILE CHECKSUM: ea5926eb71a6f65af95c3fe05bf93ee4230a11cd

COCOAPODS: 1.12.0
