// !$*UTF8*$!
{
	archiveVersion = 1;
	classes = {
	};
	objectVersion = 56;
	objects = {

/* Begin PBXBuildFile section */
		061137F72A4E6652008575AC /* OrderModel.swift in Sources */ = {isa = PBXBuildFile; fileRef = 061137F62A4E6652008575AC /* OrderModel.swift */; };
		061137FB2A4E73D0008575AC /* CoinDetailVC.swift in Sources */ = {isa = PBXBuildFile; fileRef = 061137FA2A4E73D0008575AC /* CoinDetailVC.swift */; };
		061137FF2A4EAF61008575AC /* LineChartMainCell.swift in Sources */ = {isa = PBXBuildFile; fileRef = 061137FD2A4EAF61008575AC /* LineChartMainCell.swift */; };
		061138002A4EAF61008575AC /* LineChartMainCell.xib in Resources */ = {isa = PBXBuildFile; fileRef = 061137FE2A4EAF61008575AC /* LineChartMainCell.xib */; };
		061138032A4EB723008575AC /* UIbutton+Extension.swift in Sources */ = {isa = PBXBuildFile; fileRef = 061138022A4EB723008575AC /* UIbutton+Extension.swift */; };
		061138072A4EC461008575AC /* StarscreamWrapper.swift in Sources */ = {isa = PBXBuildFile; fileRef = 061138062A4EC461008575AC /* StarscreamWrapper.swift */; };
		0611380A2A4FEDD9008575AC /* BuySellPriceCell.swift in Sources */ = {isa = PBXBuildFile; fileRef = 061138082A4FEDD9008575AC /* BuySellPriceCell.swift */; };
		0611380B2A4FEDD9008575AC /* BuySellPriceCell.xib in Resources */ = {isa = PBXBuildFile; fileRef = 061138092A4FEDD9008575AC /* BuySellPriceCell.xib */; };
		0611380E2A4FF2A9008575AC /* TradeRecordCell.swift in Sources */ = {isa = PBXBuildFile; fileRef = 0611380C2A4FF2A9008575AC /* TradeRecordCell.swift */; };
		0611380F2A4FF2A9008575AC /* TradeRecordCell.xib in Resources */ = {isa = PBXBuildFile; fileRef = 0611380D2A4FF2A9008575AC /* TradeRecordCell.xib */; };
		061138112A4FFA53008575AC /* TradeRecordHeaderView.xib in Resources */ = {isa = PBXBuildFile; fileRef = 061138102A4FFA53008575AC /* TradeRecordHeaderView.xib */; };
		061138132A4FFA77008575AC /* TradeRecordHeaderView.swift in Sources */ = {isa = PBXBuildFile; fileRef = 061138122A4FFA77008575AC /* TradeRecordHeaderView.swift */; };
		061138172A51EF46008575AC /* ChartsUtils.swift in Sources */ = {isa = PBXBuildFile; fileRef = 061138162A51EF46008575AC /* ChartsUtils.swift */; };
		061138192A52646C008575AC /* TimeRangeCalculator.swift in Sources */ = {isa = PBXBuildFile; fileRef = 061138182A52646C008575AC /* TimeRangeCalculator.swift */; };
		0611381B2A53FCC3008575AC /* BuySellVC.swift in Sources */ = {isa = PBXBuildFile; fileRef = 0611381A2A53FCC3008575AC /* BuySellVC.swift */; };
		061138232A5419D5008575AC /* ApiKeys.swift in Sources */ = {isa = PBXBuildFile; fileRef = 061138222A5419D5008575AC /* ApiKeys.swift */; };
		061138252A555EFC008575AC /* TradeResultVC.swift in Sources */ = {isa = PBXBuildFile; fileRef = 061138242A555EFC008575AC /* TradeResultVC.swift */; };
		061138272A568785008575AC /* BaseViewController.swift in Sources */ = {isa = PBXBuildFile; fileRef = 061138262A568785008575AC /* BaseViewController.swift */; };
		061138292A568F13008575AC /* AccountVC.swift in Sources */ = {isa = PBXBuildFile; fileRef = 061138282A568F13008575AC /* AccountVC.swift */; };
		0611382D2A56C20E008575AC /* AccountTableCell.swift in Sources */ = {isa = PBXBuildFile; fileRef = 0611382B2A56C20E008575AC /* AccountTableCell.swift */; };
		0611382E2A56C20E008575AC /* AccountTableCell.xib in Resources */ = {isa = PBXBuildFile; fileRef = 0611382C2A56C20E008575AC /* AccountTableCell.xib */; };
		061138322A57031F008575AC /* ExchangeRateModel.swift in Sources */ = {isa = PBXBuildFile; fileRef = 061138312A57031F008575AC /* ExchangeRateModel.swift */; };
		061138342A5787FC008575AC /* ProfileVC.swift in Sources */ = {isa = PBXBuildFile; fileRef = 061138332A5787FC008575AC /* ProfileVC.swift */; };
		06324B302A4C1FC300142FD1 /* AppDelegate.swift in Sources */ = {isa = PBXBuildFile; fileRef = 06324B2F2A4C1FC300142FD1 /* AppDelegate.swift */; };
		06324B322A4C1FC300142FD1 /* SceneDelegate.swift in Sources */ = {isa = PBXBuildFile; fileRef = 06324B312A4C1FC300142FD1 /* SceneDelegate.swift */; };
		06324B342A4C1FC300142FD1 /* ViewController.swift in Sources */ = {isa = PBXBuildFile; fileRef = 06324B332A4C1FC300142FD1 /* ViewController.swift */; };
		06324B372A4C1FC300142FD1 /* Main.storyboard in Resources */ = {isa = PBXBuildFile; fileRef = 06324B352A4C1FC300142FD1 /* Main.storyboard */; };
		06324B3A2A4C1FC300142FD1 /* DoubleCoin.xcdatamodeld in Sources */ = {isa = PBXBuildFile; fileRef = 06324B382A4C1FC300142FD1 /* DoubleCoin.xcdatamodeld */; };
		06324B3C2A4C1FC400142FD1 /* Assets.xcassets in Resources */ = {isa = PBXBuildFile; fileRef = 06324B3B2A4C1FC400142FD1 /* Assets.xcassets */; };
		06324B3F2A4C1FC400142FD1 /* LaunchScreen.storyboard in Resources */ = {isa = PBXBuildFile; fileRef = 06324B3D2A4C1FC400142FD1 /* LaunchScreen.storyboard */; };
		069A67C72A57E5B7005C92DC /* HistoryVC.swift in Sources */ = {isa = PBXBuildFile; fileRef = 069A67C62A57E5B7005C92DC /* HistoryVC.swift */; };
		069A67CC2A57F978005C92DC /* HistoryHeaderView.swift in Sources */ = {isa = PBXBuildFile; fileRef = 069A67CB2A57F978005C92DC /* HistoryHeaderView.swift */; };
		069A67CE2A580F5C005C92DC /* DollarsSheetVC.swift in Sources */ = {isa = PBXBuildFile; fileRef = 069A67CD2A580F5C005C92DC /* DollarsSheetVC.swift */; };
		069A67D12A58184C005C92DC /* DollarsSheetCell.swift in Sources */ = {isa = PBXBuildFile; fileRef = 069A67CF2A58184C005C92DC /* DollarsSheetCell.swift */; };
		069A67D22A58184C005C92DC /* DollarsSheetCell.xib in Resources */ = {isa = PBXBuildFile; fileRef = 069A67D02A58184C005C92DC /* DollarsSheetCell.xib */; };
		06A260C12A5BBB970011BFF5 /* TabBarVC.swift in Sources */ = {isa = PBXBuildFile; fileRef = 06A260C02A5BBB970011BFF5 /* TabBarVC.swift */; };
		06A260C52A5CE6870011BFF5 /* HUDManager.swift in Sources */ = {isa = PBXBuildFile; fileRef = 06A260C42A5CE6870011BFF5 /* HUDManager.swift */; };
		06A260C72A5CE7A10011BFF5 /* CandlesManager.swift in Sources */ = {isa = PBXBuildFile; fileRef = 06A260C62A5CE7A10011BFF5 /* CandlesManager.swift */; };
		06A260CA2A5E94890011BFF5 /* UnrecordCell.swift in Sources */ = {isa = PBXBuildFile; fileRef = 06A260C82A5E94890011BFF5 /* UnrecordCell.swift */; };
		06A260CB2A5E94890011BFF5 /* UnrecordCell.xib in Resources */ = {isa = PBXBuildFile; fileRef = 06A260C92A5E94890011BFF5 /* UnrecordCell.xib */; };
		06A260D22A5EB7670011BFF5 /* WidgetKit.framework in Frameworks */ = {isa = PBXBuildFile; fileRef = 06A260D12A5EB7670011BFF5 /* WidgetKit.framework */; };
		06A260D42A5EB7670011BFF5 /* SwiftUI.framework in Frameworks */ = {isa = PBXBuildFile; fileRef = 06A260D32A5EB7670011BFF5 /* SwiftUI.framework */; };
		06A260D72A5EB7670011BFF5 /* DoubleCoinWidgetBundle.swift in Sources */ = {isa = PBXBuildFile; fileRef = 06A260D62A5EB7670011BFF5 /* DoubleCoinWidgetBundle.swift */; };
		06A260D92A5EB7670011BFF5 /* DoubleCoinWidget.swift in Sources */ = {isa = PBXBuildFile; fileRef = 06A260D82A5EB7670011BFF5 /* DoubleCoinWidget.swift */; };
		06A260DB2A5EB7680011BFF5 /* Assets.xcassets in Resources */ = {isa = PBXBuildFile; fileRef = 06A260DA2A5EB7680011BFF5 /* Assets.xcassets */; };
		06A260DF2A5EB7680011BFF5 /* DoubleCoinWidgetExtension.appex in Embed Foundation Extensions */ = {isa = PBXBuildFile; fileRef = 06A260D02A5EB7670011BFF5 /* DoubleCoinWidgetExtension.appex */; settings = {ATTRIBUTES = (RemoveHeadersOnCopy, ); }; };
		06A260E42A5EB80F0011BFF5 /* ProductCandles.swift in Sources */ = {isa = PBXBuildFile; fileRef = 06CF32732A4D24C00055E326 /* ProductCandles.swift */; };
		06A260E72A5EB9790011BFF5 /* DoubleCoinSmallView.swift in Sources */ = {isa = PBXBuildFile; fileRef = 06A260E62A5EB9790011BFF5 /* DoubleCoinSmallView.swift */; };
		06A260E92A5EB9930011BFF5 /* DoubleCoinMediumView.swift in Sources */ = {isa = PBXBuildFile; fileRef = 06A260E82A5EB9930011BFF5 /* DoubleCoinMediumView.swift */; };
		06A260EB2A5EB9A20011BFF5 /* DoubleCoinLargeView.swift in Sources */ = {isa = PBXBuildFile; fileRef = 06A260EA2A5EB9A20011BFF5 /* DoubleCoinLargeView.swift */; };
		06A260ED2A5EBA480011BFF5 /* DoubleCoinEntry.swift in Sources */ = {isa = PBXBuildFile; fileRef = 06A260EC2A5EBA480011BFF5 /* DoubleCoinEntry.swift */; };
		06A260EE2A5EBCFD0011BFF5 /* AccountModel.swift in Sources */ = {isa = PBXBuildFile; fileRef = 06CF32692A4C61110055E326 /* AccountModel.swift */; };
		06A260EF2A5ECB5E0011BFF5 /* ApiManager.swift in Sources */ = {isa = PBXBuildFile; fileRef = 06CF32652A4C52590055E326 /* ApiManager.swift */; };
		06A260F02A5ECB6F0011BFF5 /* ApiKeys.swift in Sources */ = {isa = PBXBuildFile; fileRef = 061138222A5419D5008575AC /* ApiKeys.swift */; };
		06A260F12A5F8DD00011BFF5 /* ProductStatsModel.swift in Sources */ = {isa = PBXBuildFile; fileRef = 06CF326F2A4D1B240055E326 /* ProductStatsModel.swift */; };
		06A260F22A5F9DFB0011BFF5 /* ProductsModel.swift in Sources */ = {isa = PBXBuildFile; fileRef = 06CF32672A4C57630055E326 /* ProductsModel.swift */; };
		06A260F32A5F9DFF0011BFF5 /* ProfileModel.swift in Sources */ = {isa = PBXBuildFile; fileRef = 06CF326D2A4C76E20055E326 /* ProfileModel.swift */; };
		06A260F42A5F9E030011BFF5 /* CurrenciesModel.swift in Sources */ = {isa = PBXBuildFile; fileRef = 06CF32712A4D1E1B0055E326 /* CurrenciesModel.swift */; };
		06A260F52A5F9E070011BFF5 /* OrderModel.swift in Sources */ = {isa = PBXBuildFile; fileRef = 061137F62A4E6652008575AC /* OrderModel.swift */; };
		06A260F62A5F9E090011BFF5 /* ExchangeRateModel.swift in Sources */ = {isa = PBXBuildFile; fileRef = 061138312A57031F008575AC /* ExchangeRateModel.swift */; };
		06A260F72A5F9E150011BFF5 /* CoinbaseService.swift in Sources */ = {isa = PBXBuildFile; fileRef = 06CF326B2A4C61410055E326 /* CoinbaseService.swift */; };
		06A260F82A5F9E1E0011BFF5 /* Utils.swift in Sources */ = {isa = PBXBuildFile; fileRef = 06CF32472A4C4EFE0055E326 /* Utils.swift */; };
		06CF32482A4C4EFE0055E326 /* Utils.swift in Sources */ = {isa = PBXBuildFile; fileRef = 06CF32472A4C4EFE0055E326 /* Utils.swift */; };
		06CF324B2A4C4F780055E326 /* Int+Extension.swift in Sources */ = {isa = PBXBuildFile; fileRef = 06CF324A2A4C4F780055E326 /* Int+Extension.swift */; };
		06CF324D2A4C4F8C0055E326 /* UITableView+Extension.swift in Sources */ = {isa = PBXBuildFile; fileRef = 06CF324C2A4C4F8C0055E326 /* UITableView+Extension.swift */; };
		06CF324F2A4C4F9C0055E326 /* UICollectionView+Extension.swift in Sources */ = {isa = PBXBuildFile; fileRef = 06CF324E2A4C4F9C0055E326 /* UICollectionView+Extension.swift */; };
		06CF32512A4C4FB80055E326 /* UIImage+Extension.swift in Sources */ = {isa = PBXBuildFile; fileRef = 06CF32502A4C4FB80055E326 /* UIImage+Extension.swift */; };
		06CF32532A4C4FEF0055E326 /* Keychain.swift in Sources */ = {isa = PBXBuildFile; fileRef = 06CF32522A4C4FEF0055E326 /* Keychain.swift */; };
		06CF32552A4C503E0055E326 /* KingFisherWrapper.swift in Sources */ = {isa = PBXBuildFile; fileRef = 06CF32542A4C503E0055E326 /* KingFisherWrapper.swift */; };
		06CF32572A4C50520055E326 /* MJRefreshWrapper.swift in Sources */ = {isa = PBXBuildFile; fileRef = 06CF32562A4C50520055E326 /* MJRefreshWrapper.swift */; };
		06CF325A2A4C50C30055E326 /* BannerCell.swift in Sources */ = {isa = PBXBuildFile; fileRef = 06CF32582A4C50C30055E326 /* BannerCell.swift */; };
		06CF325B2A4C50C30055E326 /* BannerCell.xib in Resources */ = {isa = PBXBuildFile; fileRef = 06CF32592A4C50C30055E326 /* BannerCell.xib */; };
		06CF325E2A4C51EF0055E326 /* CoinTableHeaderCell.swift in Sources */ = {isa = PBXBuildFile; fileRef = 06CF325C2A4C51EF0055E326 /* CoinTableHeaderCell.swift */; };
		06CF325F2A4C51EF0055E326 /* CoinTableHeaderCell.xib in Resources */ = {isa = PBXBuildFile; fileRef = 06CF325D2A4C51EF0055E326 /* CoinTableHeaderCell.xib */; };
		06CF32622A4C520B0055E326 /* CoinContentCell.swift in Sources */ = {isa = PBXBuildFile; fileRef = 06CF32602A4C520B0055E326 /* CoinContentCell.swift */; };
		06CF32632A4C520B0055E326 /* CoinContentCell.xib in Resources */ = {isa = PBXBuildFile; fileRef = 06CF32612A4C520B0055E326 /* CoinContentCell.xib */; };
		06CF32662A4C52590055E326 /* ApiManager.swift in Sources */ = {isa = PBXBuildFile; fileRef = 06CF32652A4C52590055E326 /* ApiManager.swift */; };
		06CF32682A4C57630055E326 /* ProductsModel.swift in Sources */ = {isa = PBXBuildFile; fileRef = 06CF32672A4C57630055E326 /* ProductsModel.swift */; };
		06CF326A2A4C61110055E326 /* AccountModel.swift in Sources */ = {isa = PBXBuildFile; fileRef = 06CF32692A4C61110055E326 /* AccountModel.swift */; };
		06CF326C2A4C61410055E326 /* CoinbaseService.swift in Sources */ = {isa = PBXBuildFile; fileRef = 06CF326B2A4C61410055E326 /* CoinbaseService.swift */; };
		06CF326E2A4C76E20055E326 /* ProfileModel.swift in Sources */ = {isa = PBXBuildFile; fileRef = 06CF326D2A4C76E20055E326 /* ProfileModel.swift */; };
		06CF32702A4D1B240055E326 /* ProductStatsModel.swift in Sources */ = {isa = PBXBuildFile; fileRef = 06CF326F2A4D1B240055E326 /* ProductStatsModel.swift */; };
		06CF32722A4D1E1B0055E326 /* CurrenciesModel.swift in Sources */ = {isa = PBXBuildFile; fileRef = 06CF32712A4D1E1B0055E326 /* CurrenciesModel.swift */; };
		06CF32742A4D24C00055E326 /* ProductCandles.swift in Sources */ = {isa = PBXBuildFile; fileRef = 06CF32732A4D24C00055E326 /* ProductCandles.swift */; };
		06CF32772A4D34FB0055E326 /* BannerCollectionViewCell.swift in Sources */ = {isa = PBXBuildFile; fileRef = 06CF32752A4D34FB0055E326 /* BannerCollectionViewCell.swift */; };
		06CF32782A4D34FB0055E326 /* BannerCollectionViewCell.xib in Resources */ = {isa = PBXBuildFile; fileRef = 06CF32762A4D34FB0055E326 /* BannerCollectionViewCell.xib */; };
		0ED1593EC6E8DE55BBFCA874 /* Pods_DoubleCoin.framework in Frameworks */ = {isa = PBXBuildFile; fileRef = 52ADB91CBD46F2C0B854D95F /* Pods_DoubleCoin.framework */; };
/* End PBXBuildFile section */

/* Begin PBXContainerItemProxy section */
		06A260DD2A5EB7680011BFF5 /* PBXContainerItemProxy */ = {
			isa = PBXContainerItemProxy;
			containerPortal = 06324B242A4C1FC300142FD1 /* Project object */;
			proxyType = 1;
			remoteGlobalIDString = 06A260CF2A5EB7670011BFF5;
			remoteInfo = DoubleCoinWidgetExtension;
		};
/* End PBXContainerItemProxy section */

/* Begin PBXCopyFilesBuildPhase section */
		06A260E02A5EB7680011BFF5 /* Embed Foundation Extensions */ = {
			isa = PBXCopyFilesBuildPhase;
			buildActionMask = 2147483647;
			dstPath = "";
			dstSubfolderSpec = 13;
			files = (
				06A260DF2A5EB7680011BFF5 /* DoubleCoinWidgetExtension.appex in Embed Foundation Extensions */,
			);
			name = "Embed Foundation Extensions";
			runOnlyForDeploymentPostprocessing = 0;
		};
/* End PBXCopyFilesBuildPhase section */

/* Begin PBXFileReference section */
		061137F62A4E6652008575AC /* OrderModel.swift */ = {isa = PBXFileReference; lastKnownFileType = sourcecode.swift; path = OrderModel.swift; sourceTree = "<group>"; };
		061137FA2A4E73D0008575AC /* CoinDetailVC.swift */ = {isa = PBXFileReference; lastKnownFileType = sourcecode.swift; path = CoinDetailVC.swift; sourceTree = "<group>"; };
		061137FD2A4EAF61008575AC /* LineChartMainCell.swift */ = {isa = PBXFileReference; lastKnownFileType = sourcecode.swift; path = LineChartMainCell.swift; sourceTree = "<group>"; };
		061137FE2A4EAF61008575AC /* LineChartMainCell.xib */ = {isa = PBXFileReference; lastKnownFileType = file.xib; path = LineChartMainCell.xib; sourceTree = "<group>"; };
		061138022A4EB723008575AC /* UIbutton+Extension.swift */ = {isa = PBXFileReference; lastKnownFileType = sourcecode.swift; path = "UIbutton+Extension.swift"; sourceTree = "<group>"; };
		061138062A4EC461008575AC /* StarscreamWrapper.swift */ = {isa = PBXFileReference; lastKnownFileType = sourcecode.swift; path = StarscreamWrapper.swift; sourceTree = "<group>"; };
		061138082A4FEDD9008575AC /* BuySellPriceCell.swift */ = {isa = PBXFileReference; lastKnownFileType = sourcecode.swift; path = BuySellPriceCell.swift; sourceTree = "<group>"; };
		061138092A4FEDD9008575AC /* BuySellPriceCell.xib */ = {isa = PBXFileReference; lastKnownFileType = file.xib; path = BuySellPriceCell.xib; sourceTree = "<group>"; };
		0611380C2A4FF2A9008575AC /* TradeRecordCell.swift */ = {isa = PBXFileReference; lastKnownFileType = sourcecode.swift; path = TradeRecordCell.swift; sourceTree = "<group>"; };
		0611380D2A4FF2A9008575AC /* TradeRecordCell.xib */ = {isa = PBXFileReference; lastKnownFileType = file.xib; path = TradeRecordCell.xib; sourceTree = "<group>"; };
		061138102A4FFA53008575AC /* TradeRecordHeaderView.xib */ = {isa = PBXFileReference; lastKnownFileType = file.xib; path = TradeRecordHeaderView.xib; sourceTree = "<group>"; };
		061138122A4FFA77008575AC /* TradeRecordHeaderView.swift */ = {isa = PBXFileReference; lastKnownFileType = sourcecode.swift; path = TradeRecordHeaderView.swift; sourceTree = "<group>"; };
		061138162A51EF46008575AC /* ChartsUtils.swift */ = {isa = PBXFileReference; lastKnownFileType = sourcecode.swift; path = ChartsUtils.swift; sourceTree = "<group>"; };
		061138182A52646C008575AC /* TimeRangeCalculator.swift */ = {isa = PBXFileReference; lastKnownFileType = sourcecode.swift; path = TimeRangeCalculator.swift; sourceTree = "<group>"; };
		0611381A2A53FCC3008575AC /* BuySellVC.swift */ = {isa = PBXFileReference; lastKnownFileType = sourcecode.swift; path = BuySellVC.swift; sourceTree = "<group>"; };
		061138222A5419D5008575AC /* ApiKeys.swift */ = {isa = PBXFileReference; lastKnownFileType = sourcecode.swift; path = ApiKeys.swift; sourceTree = "<group>"; };
		061138242A555EFC008575AC /* TradeResultVC.swift */ = {isa = PBXFileReference; lastKnownFileType = sourcecode.swift; path = TradeResultVC.swift; sourceTree = "<group>"; };
		061138262A568785008575AC /* BaseViewController.swift */ = {isa = PBXFileReference; lastKnownFileType = sourcecode.swift; path = BaseViewController.swift; sourceTree = "<group>"; };
		061138282A568F13008575AC /* AccountVC.swift */ = {isa = PBXFileReference; lastKnownFileType = sourcecode.swift; path = AccountVC.swift; sourceTree = "<group>"; };
		0611382B2A56C20E008575AC /* AccountTableCell.swift */ = {isa = PBXFileReference; lastKnownFileType = sourcecode.swift; path = AccountTableCell.swift; sourceTree = "<group>"; };
		0611382C2A56C20E008575AC /* AccountTableCell.xib */ = {isa = PBXFileReference; lastKnownFileType = file.xib; path = AccountTableCell.xib; sourceTree = "<group>"; };
		061138312A57031F008575AC /* ExchangeRateModel.swift */ = {isa = PBXFileReference; lastKnownFileType = sourcecode.swift; path = ExchangeRateModel.swift; sourceTree = "<group>"; };
		061138332A5787FC008575AC /* ProfileVC.swift */ = {isa = PBXFileReference; lastKnownFileType = sourcecode.swift; path = ProfileVC.swift; sourceTree = "<group>"; };
		06324B2C2A4C1FC300142FD1 /* DoubleCoin.app */ = {isa = PBXFileReference; explicitFileType = wrapper.application; includeInIndex = 0; path = DoubleCoin.app; sourceTree = BUILT_PRODUCTS_DIR; };
		06324B2F2A4C1FC300142FD1 /* AppDelegate.swift */ = {isa = PBXFileReference; lastKnownFileType = sourcecode.swift; path = AppDelegate.swift; sourceTree = "<group>"; };
		06324B312A4C1FC300142FD1 /* SceneDelegate.swift */ = {isa = PBXFileReference; lastKnownFileType = sourcecode.swift; path = SceneDelegate.swift; sourceTree = "<group>"; };
		06324B332A4C1FC300142FD1 /* ViewController.swift */ = {isa = PBXFileReference; lastKnownFileType = sourcecode.swift; path = ViewController.swift; sourceTree = "<group>"; };
		06324B362A4C1FC300142FD1 /* Base */ = {isa = PBXFileReference; lastKnownFileType = file.storyboard; name = Base; path = Base.lproj/Main.storyboard; sourceTree = "<group>"; };
		06324B392A4C1FC300142FD1 /* DoubleCoin.xcdatamodel */ = {isa = PBXFileReference; lastKnownFileType = wrapper.xcdatamodel; path = DoubleCoin.xcdatamodel; sourceTree = "<group>"; };
		06324B3B2A4C1FC400142FD1 /* Assets.xcassets */ = {isa = PBXFileReference; lastKnownFileType = folder.assetcatalog; path = Assets.xcassets; sourceTree = "<group>"; };
		06324B3E2A4C1FC400142FD1 /* Base */ = {isa = PBXFileReference; lastKnownFileType = file.storyboard; name = Base; path = Base.lproj/LaunchScreen.storyboard; sourceTree = "<group>"; };
		06324B402A4C1FC400142FD1 /* Info.plist */ = {isa = PBXFileReference; lastKnownFileType = text.plist.xml; path = Info.plist; sourceTree = "<group>"; };
		069A67C62A57E5B7005C92DC /* HistoryVC.swift */ = {isa = PBXFileReference; lastKnownFileType = sourcecode.swift; path = HistoryVC.swift; sourceTree = "<group>"; };
		069A67CB2A57F978005C92DC /* HistoryHeaderView.swift */ = {isa = PBXFileReference; lastKnownFileType = sourcecode.swift; path = HistoryHeaderView.swift; sourceTree = "<group>"; };
		069A67CD2A580F5C005C92DC /* DollarsSheetVC.swift */ = {isa = PBXFileReference; lastKnownFileType = sourcecode.swift; path = DollarsSheetVC.swift; sourceTree = "<group>"; };
		069A67CF2A58184C005C92DC /* DollarsSheetCell.swift */ = {isa = PBXFileReference; lastKnownFileType = sourcecode.swift; path = DollarsSheetCell.swift; sourceTree = "<group>"; };
		069A67D02A58184C005C92DC /* DollarsSheetCell.xib */ = {isa = PBXFileReference; lastKnownFileType = file.xib; path = DollarsSheetCell.xib; sourceTree = "<group>"; };
		06A260C02A5BBB970011BFF5 /* TabBarVC.swift */ = {isa = PBXFileReference; lastKnownFileType = sourcecode.swift; path = TabBarVC.swift; sourceTree = "<group>"; };
		06A260C42A5CE6870011BFF5 /* HUDManager.swift */ = {isa = PBXFileReference; lastKnownFileType = sourcecode.swift; path = HUDManager.swift; sourceTree = "<group>"; };
		06A260C62A5CE7A10011BFF5 /* CandlesManager.swift */ = {isa = PBXFileReference; lastKnownFileType = sourcecode.swift; path = CandlesManager.swift; sourceTree = "<group>"; };
		06A260C82A5E94890011BFF5 /* UnrecordCell.swift */ = {isa = PBXFileReference; lastKnownFileType = sourcecode.swift; path = UnrecordCell.swift; sourceTree = "<group>"; };
		06A260C92A5E94890011BFF5 /* UnrecordCell.xib */ = {isa = PBXFileReference; lastKnownFileType = file.xib; path = UnrecordCell.xib; sourceTree = "<group>"; };
		06A260D02A5EB7670011BFF5 /* DoubleCoinWidgetExtension.appex */ = {isa = PBXFileReference; explicitFileType = "wrapper.app-extension"; includeInIndex = 0; path = DoubleCoinWidgetExtension.appex; sourceTree = BUILT_PRODUCTS_DIR; };
		06A260D12A5EB7670011BFF5 /* WidgetKit.framework */ = {isa = PBXFileReference; lastKnownFileType = wrapper.framework; name = WidgetKit.framework; path = System/Library/Frameworks/WidgetKit.framework; sourceTree = SDKROOT; };
		06A260D32A5EB7670011BFF5 /* SwiftUI.framework */ = {isa = PBXFileReference; lastKnownFileType = wrapper.framework; name = SwiftUI.framework; path = System/Library/Frameworks/SwiftUI.framework; sourceTree = SDKROOT; };
		06A260D62A5EB7670011BFF5 /* DoubleCoinWidgetBundle.swift */ = {isa = PBXFileReference; lastKnownFileType = sourcecode.swift; path = DoubleCoinWidgetBundle.swift; sourceTree = "<group>"; };
		06A260D82A5EB7670011BFF5 /* DoubleCoinWidget.swift */ = {isa = PBXFileReference; lastKnownFileType = sourcecode.swift; path = DoubleCoinWidget.swift; sourceTree = "<group>"; };
		06A260DA2A5EB7680011BFF5 /* Assets.xcassets */ = {isa = PBXFileReference; lastKnownFileType = folder.assetcatalog; path = Assets.xcassets; sourceTree = "<group>"; };
		06A260DC2A5EB7680011BFF5 /* Info.plist */ = {isa = PBXFileReference; lastKnownFileType = text.plist.xml; path = Info.plist; sourceTree = "<group>"; };
		06A260E62A5EB9790011BFF5 /* DoubleCoinSmallView.swift */ = {isa = PBXFileReference; lastKnownFileType = sourcecode.swift; path = DoubleCoinSmallView.swift; sourceTree = "<group>"; };
		06A260E82A5EB9930011BFF5 /* DoubleCoinMediumView.swift */ = {isa = PBXFileReference; lastKnownFileType = sourcecode.swift; path = DoubleCoinMediumView.swift; sourceTree = "<group>"; };
		06A260EA2A5EB9A20011BFF5 /* DoubleCoinLargeView.swift */ = {isa = PBXFileReference; lastKnownFileType = sourcecode.swift; path = DoubleCoinLargeView.swift; sourceTree = "<group>"; };
		06A260EC2A5EBA480011BFF5 /* DoubleCoinEntry.swift */ = {isa = PBXFileReference; lastKnownFileType = sourcecode.swift; path = DoubleCoinEntry.swift; sourceTree = "<group>"; };
		06CF32472A4C4EFE0055E326 /* Utils.swift */ = {isa = PBXFileReference; lastKnownFileType = sourcecode.swift; path = Utils.swift; sourceTree = "<group>"; };
		06CF324A2A4C4F780055E326 /* Int+Extension.swift */ = {isa = PBXFileReference; lastKnownFileType = sourcecode.swift; path = "Int+Extension.swift"; sourceTree = "<group>"; };
		06CF324C2A4C4F8C0055E326 /* UITableView+Extension.swift */ = {isa = PBXFileReference; lastKnownFileType = sourcecode.swift; path = "UITableView+Extension.swift"; sourceTree = "<group>"; };
		06CF324E2A4C4F9C0055E326 /* UICollectionView+Extension.swift */ = {isa = PBXFileReference; lastKnownFileType = sourcecode.swift; path = "UICollectionView+Extension.swift"; sourceTree = "<group>"; };
		06CF32502A4C4FB80055E326 /* UIImage+Extension.swift */ = {isa = PBXFileReference; lastKnownFileType = sourcecode.swift; path = "UIImage+Extension.swift"; sourceTree = "<group>"; };
		06CF32522A4C4FEF0055E326 /* Keychain.swift */ = {isa = PBXFileReference; lastKnownFileType = sourcecode.swift; path = Keychain.swift; sourceTree = "<group>"; };
		06CF32542A4C503E0055E326 /* KingFisherWrapper.swift */ = {isa = PBXFileReference; lastKnownFileType = sourcecode.swift; path = KingFisherWrapper.swift; sourceTree = "<group>"; };
		06CF32562A4C50520055E326 /* MJRefreshWrapper.swift */ = {isa = PBXFileReference; lastKnownFileType = sourcecode.swift; path = MJRefreshWrapper.swift; sourceTree = "<group>"; };
		06CF32582A4C50C30055E326 /* BannerCell.swift */ = {isa = PBXFileReference; lastKnownFileType = sourcecode.swift; path = BannerCell.swift; sourceTree = "<group>"; };
		06CF32592A4C50C30055E326 /* BannerCell.xib */ = {isa = PBXFileReference; lastKnownFileType = file.xib; path = BannerCell.xib; sourceTree = "<group>"; };
		06CF325C2A4C51EF0055E326 /* CoinTableHeaderCell.swift */ = {isa = PBXFileReference; lastKnownFileType = sourcecode.swift; path = CoinTableHeaderCell.swift; sourceTree = "<group>"; };
		06CF325D2A4C51EF0055E326 /* CoinTableHeaderCell.xib */ = {isa = PBXFileReference; lastKnownFileType = file.xib; path = CoinTableHeaderCell.xib; sourceTree = "<group>"; };
		06CF32602A4C520B0055E326 /* CoinContentCell.swift */ = {isa = PBXFileReference; lastKnownFileType = sourcecode.swift; path = CoinContentCell.swift; sourceTree = "<group>"; };
		06CF32612A4C520B0055E326 /* CoinContentCell.xib */ = {isa = PBXFileReference; lastKnownFileType = file.xib; path = CoinContentCell.xib; sourceTree = "<group>"; };
		06CF32652A4C52590055E326 /* ApiManager.swift */ = {isa = PBXFileReference; lastKnownFileType = sourcecode.swift; path = ApiManager.swift; sourceTree = "<group>"; };
		06CF32672A4C57630055E326 /* ProductsModel.swift */ = {isa = PBXFileReference; lastKnownFileType = sourcecode.swift; path = ProductsModel.swift; sourceTree = "<group>"; };
		06CF32692A4C61110055E326 /* AccountModel.swift */ = {isa = PBXFileReference; lastKnownFileType = sourcecode.swift; path = AccountModel.swift; sourceTree = "<group>"; };
		06CF326B2A4C61410055E326 /* CoinbaseService.swift */ = {isa = PBXFileReference; lastKnownFileType = sourcecode.swift; path = CoinbaseService.swift; sourceTree = "<group>"; };
		06CF326D2A4C76E20055E326 /* ProfileModel.swift */ = {isa = PBXFileReference; lastKnownFileType = sourcecode.swift; path = ProfileModel.swift; sourceTree = "<group>"; };
		06CF326F2A4D1B240055E326 /* ProductStatsModel.swift */ = {isa = PBXFileReference; lastKnownFileType = sourcecode.swift; path = ProductStatsModel.swift; sourceTree = "<group>"; };
		06CF32712A4D1E1B0055E326 /* CurrenciesModel.swift */ = {isa = PBXFileReference; lastKnownFileType = sourcecode.swift; path = CurrenciesModel.swift; sourceTree = "<group>"; };
		06CF32732A4D24C00055E326 /* ProductCandles.swift */ = {isa = PBXFileReference; lastKnownFileType = sourcecode.swift; path = ProductCandles.swift; sourceTree = "<group>"; };
		06CF32752A4D34FB0055E326 /* BannerCollectionViewCell.swift */ = {isa = PBXFileReference; lastKnownFileType = sourcecode.swift; path = BannerCollectionViewCell.swift; sourceTree = "<group>"; };
		06CF32762A4D34FB0055E326 /* BannerCollectionViewCell.xib */ = {isa = PBXFileReference; lastKnownFileType = file.xib; path = BannerCollectionViewCell.xib; sourceTree = "<group>"; };
		06E656148DFD8C18AD1BA45B /* Pods-DoubleCoin.debug.xcconfig */ = {isa = PBXFileReference; includeInIndex = 1; lastKnownFileType = text.xcconfig; name = "Pods-DoubleCoin.debug.xcconfig"; path = "Target Support Files/Pods-DoubleCoin/Pods-DoubleCoin.debug.xcconfig"; sourceTree = "<group>"; };
		52ADB91CBD46F2C0B854D95F /* Pods_DoubleCoin.framework */ = {isa = PBXFileReference; explicitFileType = wrapper.framework; includeInIndex = 0; path = Pods_DoubleCoin.framework; sourceTree = BUILT_PRODUCTS_DIR; };
		5A9CDCC99FF991AF56A00388 /* Pods-DoubleCoin.release.xcconfig */ = {isa = PBXFileReference; includeInIndex = 1; lastKnownFileType = text.xcconfig; name = "Pods-DoubleCoin.release.xcconfig"; path = "Target Support Files/Pods-DoubleCoin/Pods-DoubleCoin.release.xcconfig"; sourceTree = "<group>"; };
/* End PBXFileReference section */

/* Begin PBXFrameworksBuildPhase section */
		06324B292A4C1FC300142FD1 /* Frameworks */ = {
			isa = PBXFrameworksBuildPhase;
			buildActionMask = 2147483647;
			files = (
				0ED1593EC6E8DE55BBFCA874 /* Pods_DoubleCoin.framework in Frameworks */,
			);
			runOnlyForDeploymentPostprocessing = 0;
		};
		06A260CD2A5EB7670011BFF5 /* Frameworks */ = {
			isa = PBXFrameworksBuildPhase;
			buildActionMask = 2147483647;
			files = (
				06A260D42A5EB7670011BFF5 /* SwiftUI.framework in Frameworks */,
				06A260D22A5EB7670011BFF5 /* WidgetKit.framework in Frameworks */,
			);
			runOnlyForDeploymentPostprocessing = 0;
		};
/* End PBXFrameworksBuildPhase section */

/* Begin PBXGroup section */
		061137FC2A4EAE14008575AC /* CoinDetailPage */ = {
			isa = PBXGroup;
			children = (
				061137FD2A4EAF61008575AC /* LineChartMainCell.swift */,
				061137FE2A4EAF61008575AC /* LineChartMainCell.xib */,
				061138082A4FEDD9008575AC /* BuySellPriceCell.swift */,
				061138092A4FEDD9008575AC /* BuySellPriceCell.xib */,
				0611380C2A4FF2A9008575AC /* TradeRecordCell.swift */,
				0611380D2A4FF2A9008575AC /* TradeRecordCell.xib */,
				061138122A4FFA77008575AC /* TradeRecordHeaderView.swift */,
				061138102A4FFA53008575AC /* TradeRecordHeaderView.xib */,
				06A260C82A5E94890011BFF5 /* UnrecordCell.swift */,
				06A260C92A5E94890011BFF5 /* UnrecordCell.xib */,
			);
			path = CoinDetailPage;
			sourceTree = "<group>";
		};
		0611382A2A56BECE008575AC /* AccountPage */ = {
			isa = PBXGroup;
			children = (
				0611382B2A56C20E008575AC /* AccountTableCell.swift */,
				0611382C2A56C20E008575AC /* AccountTableCell.xib */,
			);
			path = AccountPage;
			sourceTree = "<group>";
		};
		06324B232A4C1FC300142FD1 = {
			isa = PBXGroup;
			children = (
				06324B2E2A4C1FC300142FD1 /* DoubleCoin */,
				06A260D52A5EB7670011BFF5 /* DoubleCoinWidget */,
				06324B2D2A4C1FC300142FD1 /* Products */,
				08CD6D11C23EC8DAF17027A2 /* Pods */,
				DFD6DDB4F53AC7228F5C0595 /* Frameworks */,
			);
			sourceTree = "<group>";
		};
		06324B2D2A4C1FC300142FD1 /* Products */ = {
			isa = PBXGroup;
			children = (
				06324B2C2A4C1FC300142FD1 /* DoubleCoin.app */,
				06A260D02A5EB7670011BFF5 /* DoubleCoinWidgetExtension.appex */,
			);
			name = Products;
			sourceTree = "<group>";
		};
		06324B2E2A4C1FC300142FD1 /* DoubleCoin */ = {
			isa = PBXGroup;
			children = (
				06CF32462A4C4EDB0055E326 /* Utils */,
				06CF32492A4C4F3A0055E326 /* Resources */,
				06CF32402A4C4E7E0055E326 /* Extensions */,
				06CF32442A4C4EC30055E326 /* Managers */,
				06CF32452A4C4ECD0055E326 /* Third Party Wrappers */,
				06CF32422A4C4E8B0055E326 /* Models */,
				06CF32412A4C4E840055E326 /* Views */,
				06CF323E2A4C4E5F0055E326 /* Controllers */,
				06CF323D2A4C4E4B0055E326 /* StoryBoards */,
				06CF323F2A4C4E6D0055E326 /* Helpers */,
				06324B3B2A4C1FC400142FD1 /* Assets.xcassets */,
				06324B402A4C1FC400142FD1 /* Info.plist */,
				06324B382A4C1FC300142FD1 /* DoubleCoin.xcdatamodeld */,
			);
			path = DoubleCoin;
			sourceTree = "<group>";
		};
		069A67C82A57F906005C92DC /* HistoryPage */ = {
			isa = PBXGroup;
			children = (
				069A67CB2A57F978005C92DC /* HistoryHeaderView.swift */,
				069A67CF2A58184C005C92DC /* DollarsSheetCell.swift */,
				069A67D02A58184C005C92DC /* DollarsSheetCell.xib */,
			);
			path = HistoryPage;
			sourceTree = "<group>";
		};
		06A260D52A5EB7670011BFF5 /* DoubleCoinWidget */ = {
			isa = PBXGroup;
			children = (
				06A260E52A5EB88C0011BFF5 /* WidgetInterface */,
				06A260D62A5EB7670011BFF5 /* DoubleCoinWidgetBundle.swift */,
				06A260D82A5EB7670011BFF5 /* DoubleCoinWidget.swift */,
				06A260EC2A5EBA480011BFF5 /* DoubleCoinEntry.swift */,
				06A260DA2A5EB7680011BFF5 /* Assets.xcassets */,
				06A260DC2A5EB7680011BFF5 /* Info.plist */,
			);
			path = DoubleCoinWidget;
			sourceTree = "<group>";
		};
		06A260E52A5EB88C0011BFF5 /* WidgetInterface */ = {
			isa = PBXGroup;
			children = (
				06A260E62A5EB9790011BFF5 /* DoubleCoinSmallView.swift */,
				06A260E82A5EB9930011BFF5 /* DoubleCoinMediumView.swift */,
				06A260EA2A5EB9A20011BFF5 /* DoubleCoinLargeView.swift */,
			);
			path = WidgetInterface;
			sourceTree = "<group>";
		};
		06CF323D2A4C4E4B0055E326 /* StoryBoards */ = {
			isa = PBXGroup;
			children = (
				06324B352A4C1FC300142FD1 /* Main.storyboard */,
				06324B3D2A4C1FC400142FD1 /* LaunchScreen.storyboard */,
			);
			path = StoryBoards;
			sourceTree = "<group>";
		};
		06CF323E2A4C4E5F0055E326 /* Controllers */ = {
			isa = PBXGroup;
			children = (
				061138262A568785008575AC /* BaseViewController.swift */,
				06324B332A4C1FC300142FD1 /* ViewController.swift */,
				061137FA2A4E73D0008575AC /* CoinDetailVC.swift */,
				0611381A2A53FCC3008575AC /* BuySellVC.swift */,
				061138242A555EFC008575AC /* TradeResultVC.swift */,
				061138282A568F13008575AC /* AccountVC.swift */,
				061138332A5787FC008575AC /* ProfileVC.swift */,
				069A67C62A57E5B7005C92DC /* HistoryVC.swift */,
				069A67CD2A580F5C005C92DC /* DollarsSheetVC.swift */,
				06A260C02A5BBB970011BFF5 /* TabBarVC.swift */,
			);
			path = Controllers;
			sourceTree = "<group>";
		};
		06CF323F2A4C4E6D0055E326 /* Helpers */ = {
			isa = PBXGroup;
			children = (
				06324B2F2A4C1FC300142FD1 /* AppDelegate.swift */,
				06324B312A4C1FC300142FD1 /* SceneDelegate.swift */,
			);
			path = Helpers;
			sourceTree = "<group>";
		};
		06CF32402A4C4E7E0055E326 /* Extensions */ = {
			isa = PBXGroup;
			children = (
				06CF324A2A4C4F780055E326 /* Int+Extension.swift */,
				06CF324C2A4C4F8C0055E326 /* UITableView+Extension.swift */,
				06CF324E2A4C4F9C0055E326 /* UICollectionView+Extension.swift */,
				06CF32502A4C4FB80055E326 /* UIImage+Extension.swift */,
				061138022A4EB723008575AC /* UIbutton+Extension.swift */,
			);
			path = Extensions;
			sourceTree = "<group>";
		};
		06CF32412A4C4E840055E326 /* Views */ = {
			isa = PBXGroup;
			children = (
				069A67C82A57F906005C92DC /* HistoryPage */,
				0611382A2A56BECE008575AC /* AccountPage */,
				06CF32642A4C52110055E326 /* HomePage */,
				061137FC2A4EAE14008575AC /* CoinDetailPage */,
			);
			path = Views;
			sourceTree = "<group>";
		};
		06CF32422A4C4E8B0055E326 /* Models */ = {
			isa = PBXGroup;
			children = (
				06CF32672A4C57630055E326 /* ProductsModel.swift */,
				06CF32692A4C61110055E326 /* AccountModel.swift */,
				06CF326D2A4C76E20055E326 /* ProfileModel.swift */,
				06CF326F2A4D1B240055E326 /* ProductStatsModel.swift */,
				06CF32712A4D1E1B0055E326 /* CurrenciesModel.swift */,
				06CF32732A4D24C00055E326 /* ProductCandles.swift */,
				061137F62A4E6652008575AC /* OrderModel.swift */,
				061138312A57031F008575AC /* ExchangeRateModel.swift */,
			);
			path = Models;
			sourceTree = "<group>";
		};
		06CF32442A4C4EC30055E326 /* Managers */ = {
			isa = PBXGroup;
			children = (
				06CF32522A4C4FEF0055E326 /* Keychain.swift */,
				06CF32652A4C52590055E326 /* ApiManager.swift */,
				06A260C42A5CE6870011BFF5 /* HUDManager.swift */,
				06A260C62A5CE7A10011BFF5 /* CandlesManager.swift */,
			);
			path = Managers;
			sourceTree = "<group>";
		};
		06CF32452A4C4ECD0055E326 /* Third Party Wrappers */ = {
			isa = PBXGroup;
			children = (
				06CF32542A4C503E0055E326 /* KingFisherWrapper.swift */,
				06CF32562A4C50520055E326 /* MJRefreshWrapper.swift */,
				061138062A4EC461008575AC /* StarscreamWrapper.swift */,
			);
			path = "Third Party Wrappers";
			sourceTree = "<group>";
		};
		06CF32462A4C4EDB0055E326 /* Utils */ = {
			isa = PBXGroup;
			children = (
				06CF32472A4C4EFE0055E326 /* Utils.swift */,
				061138162A51EF46008575AC /* ChartsUtils.swift */,
				061138182A52646C008575AC /* TimeRangeCalculator.swift */,
			);
			path = Utils;
			sourceTree = "<group>";
		};
		06CF32492A4C4F3A0055E326 /* Resources */ = {
			isa = PBXGroup;
			children = (
				06CF326B2A4C61410055E326 /* CoinbaseService.swift */,
				061138222A5419D5008575AC /* ApiKeys.swift */,
			);
			path = Resources;
			sourceTree = "<group>";
		};
		06CF32642A4C52110055E326 /* HomePage */ = {
			isa = PBXGroup;
			children = (
				06CF32582A4C50C30055E326 /* BannerCell.swift */,
				06CF32592A4C50C30055E326 /* BannerCell.xib */,
				06CF32752A4D34FB0055E326 /* BannerCollectionViewCell.swift */,
				06CF32762A4D34FB0055E326 /* BannerCollectionViewCell.xib */,
				06CF325C2A4C51EF0055E326 /* CoinTableHeaderCell.swift */,
				06CF325D2A4C51EF0055E326 /* CoinTableHeaderCell.xib */,
				06CF32602A4C520B0055E326 /* CoinContentCell.swift */,
				06CF32612A4C520B0055E326 /* CoinContentCell.xib */,
			);
			path = HomePage;
			sourceTree = "<group>";
		};
		08CD6D11C23EC8DAF17027A2 /* Pods */ = {
			isa = PBXGroup;
			children = (
				06E656148DFD8C18AD1BA45B /* Pods-DoubleCoin.debug.xcconfig */,
				5A9CDCC99FF991AF56A00388 /* Pods-DoubleCoin.release.xcconfig */,
			);
			path = Pods;
			sourceTree = "<group>";
		};
		DFD6DDB4F53AC7228F5C0595 /* Frameworks */ = {
			isa = PBXGroup;
			children = (
				52ADB91CBD46F2C0B854D95F /* Pods_DoubleCoin.framework */,
				06A260D12A5EB7670011BFF5 /* WidgetKit.framework */,
				06A260D32A5EB7670011BFF5 /* SwiftUI.framework */,
			);
			name = Frameworks;
			sourceTree = "<group>";
		};
/* End PBXGroup section */

/* Begin PBXNativeTarget section */
		06324B2B2A4C1FC300142FD1 /* DoubleCoin */ = {
			isa = PBXNativeTarget;
			buildConfigurationList = 06324B432A4C1FC400142FD1 /* Build configuration list for PBXNativeTarget "DoubleCoin" */;
			buildPhases = (
				17F5C40F4F820D319ACB4A62 /* [CP] Check Pods Manifest.lock */,
				06324B282A4C1FC300142FD1 /* Sources */,
				06324B292A4C1FC300142FD1 /* Frameworks */,
				06324B2A2A4C1FC300142FD1 /* Resources */,
				96904B28F2AA61E08204EFE9 /* [CP] Embed Pods Frameworks */,
				06CF32392A4C319D0055E326 /* ShellScript */,
				06A260E02A5EB7680011BFF5 /* Embed Foundation Extensions */,
			);
			buildRules = (
			);
			dependencies = (
				06A260DE2A5EB7680011BFF5 /* PBXTargetDependency */,
			);
			name = DoubleCoin;
			productName = DoubleCoin;
			productReference = 06324B2C2A4C1FC300142FD1 /* DoubleCoin.app */;
			productType = "com.apple.product-type.application";
		};
		06A260CF2A5EB7670011BFF5 /* DoubleCoinWidgetExtension */ = {
			isa = PBXNativeTarget;
			buildConfigurationList = 06A260E32A5EB7680011BFF5 /* Build configuration list for PBXNativeTarget "DoubleCoinWidgetExtension" */;
			buildPhases = (
				06A260CC2A5EB7670011BFF5 /* Sources */,
				06A260CD2A5EB7670011BFF5 /* Frameworks */,
				06A260CE2A5EB7670011BFF5 /* Resources */,
			);
			buildRules = (
			);
			dependencies = (
			);
			name = DoubleCoinWidgetExtension;
			productName = DoubleCoinWidgetExtension;
			productReference = 06A260D02A5EB7670011BFF5 /* DoubleCoinWidgetExtension.appex */;
			productType = "com.apple.product-type.app-extension";
		};
/* End PBXNativeTarget section */

/* Begin PBXProject section */
		06324B242A4C1FC300142FD1 /* Project object */ = {
			isa = PBXProject;
			attributes = {
				BuildIndependentTargetsInParallel = 1;
				LastSwiftUpdateCheck = 1430;
				LastUpgradeCheck = 1430;
				TargetAttributes = {
					06324B2B2A4C1FC300142FD1 = {
						CreatedOnToolsVersion = 14.3;
					};
					06A260CF2A5EB7670011BFF5 = {
						CreatedOnToolsVersion = 14.3;
					};
				};
			};
			buildConfigurationList = 06324B272A4C1FC300142FD1 /* Build configuration list for PBXProject "DoubleCoin" */;
			compatibilityVersion = "Xcode 14.0";
			developmentRegion = en;
			hasScannedForEncodings = 0;
			knownRegions = (
				en,
				Base,
			);
			mainGroup = 06324B232A4C1FC300142FD1;
			productRefGroup = 06324B2D2A4C1FC300142FD1 /* Products */;
			projectDirPath = "";
			projectRoot = "";
			targets = (
				06324B2B2A4C1FC300142FD1 /* DoubleCoin */,
				06A260CF2A5EB7670011BFF5 /* DoubleCoinWidgetExtension */,
			);
		};
/* End PBXProject section */

/* Begin PBXResourcesBuildPhase section */
		06324B2A2A4C1FC300142FD1 /* Resources */ = {
			isa = PBXResourcesBuildPhase;
			buildActionMask = 2147483647;
			files = (
				06324B3F2A4C1FC400142FD1 /* LaunchScreen.storyboard in Resources */,
				06CF325F2A4C51EF0055E326 /* CoinTableHeaderCell.xib in Resources */,
				0611382E2A56C20E008575AC /* AccountTableCell.xib in Resources */,
				06CF325B2A4C50C30055E326 /* BannerCell.xib in Resources */,
				06324B3C2A4C1FC400142FD1 /* Assets.xcassets in Resources */,
				069A67D22A58184C005C92DC /* DollarsSheetCell.xib in Resources */,
				06CF32632A4C520B0055E326 /* CoinContentCell.xib in Resources */,
				061138002A4EAF61008575AC /* LineChartMainCell.xib in Resources */,
				0611380B2A4FEDD9008575AC /* BuySellPriceCell.xib in Resources */,
				0611380F2A4FF2A9008575AC /* TradeRecordCell.xib in Resources */,
				06CF32782A4D34FB0055E326 /* BannerCollectionViewCell.xib in Resources */,
				06A260CB2A5E94890011BFF5 /* UnrecordCell.xib in Resources */,
				06324B372A4C1FC300142FD1 /* Main.storyboard in Resources */,
				061138112A4FFA53008575AC /* TradeRecordHeaderView.xib in Resources */,
			);
			runOnlyForDeploymentPostprocessing = 0;
		};
		06A260CE2A5EB7670011BFF5 /* Resources */ = {
			isa = PBXResourcesBuildPhase;
			buildActionMask = 2147483647;
			files = (
				06A260DB2A5EB7680011BFF5 /* Assets.xcassets in Resources */,
			);
			runOnlyForDeploymentPostprocessing = 0;
		};
/* End PBXResourcesBuildPhase section */

/* Begin PBXShellScriptBuildPhase section */
		06CF32392A4C319D0055E326 /* ShellScript */ = {
			isa = PBXShellScriptBuildPhase;
			alwaysOutOfDate = 1;
			buildActionMask = 2147483647;
			files = (
			);
			inputFileListPaths = (
			);
			inputPaths = (
			);
			outputFileListPaths = (
			);
			outputPaths = (
			);
			runOnlyForDeploymentPostprocessing = 0;
			shellPath = /bin/sh;
			shellScript = "# Type a script or drag a script file from your workspace to insert its path.\n\"${PODS_ROOT}/SwiftLint/swiftlint\"\n";
		};
		17F5C40F4F820D319ACB4A62 /* [CP] Check Pods Manifest.lock */ = {
			isa = PBXShellScriptBuildPhase;
			buildActionMask = 2147483647;
			files = (
			);
			inputFileListPaths = (
			);
			inputPaths = (
				"${PODS_PODFILE_DIR_PATH}/Podfile.lock",
				"${PODS_ROOT}/Manifest.lock",
			);
			name = "[CP] Check Pods Manifest.lock";
			outputFileListPaths = (
			);
			outputPaths = (
				"$(DERIVED_FILE_DIR)/Pods-DoubleCoin-checkManifestLockResult.txt",
			);
			runOnlyForDeploymentPostprocessing = 0;
			shellPath = /bin/sh;
			shellScript = "diff \"${PODS_PODFILE_DIR_PATH}/Podfile.lock\" \"${PODS_ROOT}/Manifest.lock\" > /dev/null\nif [ $? != 0 ] ; then\n    # print error to STDERR\n    echo \"error: The sandbox is not in sync with the Podfile.lock. Run 'pod install' or update your CocoaPods installation.\" >&2\n    exit 1\nfi\n# This output is used by Xcode 'outputs' to avoid re-running this script phase.\necho \"SUCCESS\" > \"${SCRIPT_OUTPUT_FILE_0}\"\n";
			showEnvVarsInLog = 0;
		};
		96904B28F2AA61E08204EFE9 /* [CP] Embed Pods Frameworks */ = {
			isa = PBXShellScriptBuildPhase;
			buildActionMask = 2147483647;
			files = (
			);
			inputFileListPaths = (
				"${PODS_ROOT}/Target Support Files/Pods-DoubleCoin/Pods-DoubleCoin-frameworks-${CONFIGURATION}-input-files.xcfilelist",
			);
			name = "[CP] Embed Pods Frameworks";
			outputFileListPaths = (
				"${PODS_ROOT}/Target Support Files/Pods-DoubleCoin/Pods-DoubleCoin-frameworks-${CONFIGURATION}-output-files.xcfilelist",
			);
			runOnlyForDeploymentPostprocessing = 0;
			shellPath = /bin/sh;
			shellScript = "\"${PODS_ROOT}/Target Support Files/Pods-DoubleCoin/Pods-DoubleCoin-frameworks.sh\"\n";
			showEnvVarsInLog = 0;
		};
/* End PBXShellScriptBuildPhase section */

/* Begin PBXSourcesBuildPhase section */
		06324B282A4C1FC300142FD1 /* Sources */ = {
			isa = PBXSourcesBuildPhase;
			buildActionMask = 2147483647;
			files = (
				06CF32722A4D1E1B0055E326 /* CurrenciesModel.swift in Sources */,
				06CF32662A4C52590055E326 /* ApiManager.swift in Sources */,
				06CF326A2A4C61110055E326 /* AccountModel.swift in Sources */,
				061138072A4EC461008575AC /* StarscreamWrapper.swift in Sources */,
				061137FF2A4EAF61008575AC /* LineChartMainCell.swift in Sources */,
				06CF32572A4C50520055E326 /* MJRefreshWrapper.swift in Sources */,
				0611382D2A56C20E008575AC /* AccountTableCell.swift in Sources */,
				061138252A555EFC008575AC /* TradeResultVC.swift in Sources */,
				06A260C12A5BBB970011BFF5 /* TabBarVC.swift in Sources */,
				06CF324F2A4C4F9C0055E326 /* UICollectionView+Extension.swift in Sources */,
				06CF32482A4C4EFE0055E326 /* Utils.swift in Sources */,
				06CF32772A4D34FB0055E326 /* BannerCollectionViewCell.swift in Sources */,
				061138132A4FFA77008575AC /* TradeRecordHeaderView.swift in Sources */,
				061138322A57031F008575AC /* ExchangeRateModel.swift in Sources */,
				06CF325A2A4C50C30055E326 /* BannerCell.swift in Sources */,
				069A67C72A57E5B7005C92DC /* HistoryVC.swift in Sources */,
				061138032A4EB723008575AC /* UIbutton+Extension.swift in Sources */,
				06CF325E2A4C51EF0055E326 /* CoinTableHeaderCell.swift in Sources */,
				0611380A2A4FEDD9008575AC /* BuySellPriceCell.swift in Sources */,
				061138232A5419D5008575AC /* ApiKeys.swift in Sources */,
				06CF32702A4D1B240055E326 /* ProductStatsModel.swift in Sources */,
				06324B342A4C1FC300142FD1 /* ViewController.swift in Sources */,
				06CF32512A4C4FB80055E326 /* UIImage+Extension.swift in Sources */,
				06A260CA2A5E94890011BFF5 /* UnrecordCell.swift in Sources */,
				06A260C72A5CE7A10011BFF5 /* CandlesManager.swift in Sources */,
				069A67CE2A580F5C005C92DC /* DollarsSheetVC.swift in Sources */,
				06CF32682A4C57630055E326 /* ProductsModel.swift in Sources */,
				061138292A568F13008575AC /* AccountVC.swift in Sources */,
				06CF324D2A4C4F8C0055E326 /* UITableView+Extension.swift in Sources */,
				06CF326C2A4C61410055E326 /* CoinbaseService.swift in Sources */,
				06324B302A4C1FC300142FD1 /* AppDelegate.swift in Sources */,
				061138272A568785008575AC /* BaseViewController.swift in Sources */,
				06CF324B2A4C4F780055E326 /* Int+Extension.swift in Sources */,
				06A260C52A5CE6870011BFF5 /* HUDManager.swift in Sources */,
				06CF32552A4C503E0055E326 /* KingFisherWrapper.swift in Sources */,
				06CF326E2A4C76E20055E326 /* ProfileModel.swift in Sources */,
				061138342A5787FC008575AC /* ProfileVC.swift in Sources */,
				061138192A52646C008575AC /* TimeRangeCalculator.swift in Sources */,
				06CF32742A4D24C00055E326 /* ProductCandles.swift in Sources */,
				0611380E2A4FF2A9008575AC /* TradeRecordCell.swift in Sources */,
				06324B322A4C1FC300142FD1 /* SceneDelegate.swift in Sources */,
				069A67CC2A57F978005C92DC /* HistoryHeaderView.swift in Sources */,
				06324B3A2A4C1FC300142FD1 /* DoubleCoin.xcdatamodeld in Sources */,
				069A67D12A58184C005C92DC /* DollarsSheetCell.swift in Sources */,
				061137FB2A4E73D0008575AC /* CoinDetailVC.swift in Sources */,
				061138172A51EF46008575AC /* ChartsUtils.swift in Sources */,
				0611381B2A53FCC3008575AC /* BuySellVC.swift in Sources */,
				061137F72A4E6652008575AC /* OrderModel.swift in Sources */,
				06CF32622A4C520B0055E326 /* CoinContentCell.swift in Sources */,
				06CF32532A4C4FEF0055E326 /* Keychain.swift in Sources */,
			);
			runOnlyForDeploymentPostprocessing = 0;
		};
		06A260CC2A5EB7670011BFF5 /* Sources */ = {
			isa = PBXSourcesBuildPhase;
			buildActionMask = 2147483647;
			files = (
				06A260F32A5F9DFF0011BFF5 /* ProfileModel.swift in Sources */,
				06A260E92A5EB9930011BFF5 /* DoubleCoinMediumView.swift in Sources */,
				06A260F72A5F9E150011BFF5 /* CoinbaseService.swift in Sources */,
				06A260F62A5F9E090011BFF5 /* ExchangeRateModel.swift in Sources */,
				06A260EF2A5ECB5E0011BFF5 /* ApiManager.swift in Sources */,
				06A260E72A5EB9790011BFF5 /* DoubleCoinSmallView.swift in Sources */,
				06A260D72A5EB7670011BFF5 /* DoubleCoinWidgetBundle.swift in Sources */,
				06A260F02A5ECB6F0011BFF5 /* ApiKeys.swift in Sources */,
				06A260EE2A5EBCFD0011BFF5 /* AccountModel.swift in Sources */,
				06A260F52A5F9E070011BFF5 /* OrderModel.swift in Sources */,
				06A260E42A5EB80F0011BFF5 /* ProductCandles.swift in Sources */,
				06A260F82A5F9E1E0011BFF5 /* Utils.swift in Sources */,
				06A260F22A5F9DFB0011BFF5 /* ProductsModel.swift in Sources */,
				06A260EB2A5EB9A20011BFF5 /* DoubleCoinLargeView.swift in Sources */,
				06A260F12A5F8DD00011BFF5 /* ProductStatsModel.swift in Sources */,
				06A260D92A5EB7670011BFF5 /* DoubleCoinWidget.swift in Sources */,
				06A260F42A5F9E030011BFF5 /* CurrenciesModel.swift in Sources */,
				06A260ED2A5EBA480011BFF5 /* DoubleCoinEntry.swift in Sources */,
			);
			runOnlyForDeploymentPostprocessing = 0;
		};
/* End PBXSourcesBuildPhase section */

/* Begin PBXTargetDependency section */
		06A260DE2A5EB7680011BFF5 /* PBXTargetDependency */ = {
			isa = PBXTargetDependency;
			target = 06A260CF2A5EB7670011BFF5 /* DoubleCoinWidgetExtension */;
			targetProxy = 06A260DD2A5EB7680011BFF5 /* PBXContainerItemProxy */;
		};
/* End PBXTargetDependency section */

/* Begin PBXVariantGroup section */
		06324B352A4C1FC300142FD1 /* Main.storyboard */ = {
			isa = PBXVariantGroup;
			children = (
				06324B362A4C1FC300142FD1 /* Base */,
			);
			name = Main.storyboard;
			sourceTree = "<group>";
		};
		06324B3D2A4C1FC400142FD1 /* LaunchScreen.storyboard */ = {
			isa = PBXVariantGroup;
			children = (
				06324B3E2A4C1FC400142FD1 /* Base */,
			);
			name = LaunchScreen.storyboard;
			sourceTree = "<group>";
		};
/* End PBXVariantGroup section */

/* Begin XCBuildConfiguration section */
		06324B412A4C1FC400142FD1 /* Debug */ = {
			isa = XCBuildConfiguration;
			buildSettings = {
				ALWAYS_SEARCH_USER_PATHS = NO;
				CLANG_ANALYZER_NONNULL = YES;
				CLANG_ANALYZER_NUMBER_OBJECT_CONVERSION = YES_AGGRESSIVE;
				CLANG_CXX_LANGUAGE_STANDARD = "gnu++20";
				CLANG_ENABLE_MODULES = YES;
				CLANG_ENABLE_OBJC_ARC = YES;
				CLANG_ENABLE_OBJC_WEAK = YES;
				CLANG_WARN_BLOCK_CAPTURE_AUTORELEASING = YES;
				CLANG_WARN_BOOL_CONVERSION = YES;
				CLANG_WARN_COMMA = YES;
				CLANG_WARN_CONSTANT_CONVERSION = YES;
				CLANG_WARN_DEPRECATED_OBJC_IMPLEMENTATIONS = YES;
				CLANG_WARN_DIRECT_OBJC_ISA_USAGE = YES_ERROR;
				CLANG_WARN_DOCUMENTATION_COMMENTS = YES;
				CLANG_WARN_EMPTY_BODY = YES;
				CLANG_WARN_ENUM_CONVERSION = YES;
				CLANG_WARN_INFINITE_RECURSION = YES;
				CLANG_WARN_INT_CONVERSION = YES;
				CLANG_WARN_NON_LITERAL_NULL_CONVERSION = YES;
				CLANG_WARN_OBJC_IMPLICIT_RETAIN_SELF = YES;
				CLANG_WARN_OBJC_LITERAL_CONVERSION = YES;
				CLANG_WARN_OBJC_ROOT_CLASS = YES_ERROR;
				CLANG_WARN_QUOTED_INCLUDE_IN_FRAMEWORK_HEADER = YES;
				CLANG_WARN_RANGE_LOOP_ANALYSIS = YES;
				CLANG_WARN_STRICT_PROTOTYPES = YES;
				CLANG_WARN_SUSPICIOUS_MOVE = YES;
				CLANG_WARN_UNGUARDED_AVAILABILITY = YES_AGGRESSIVE;
				CLANG_WARN_UNREACHABLE_CODE = YES;
				CLANG_WARN__DUPLICATE_METHOD_MATCH = YES;
				COPY_PHASE_STRIP = NO;
				DEBUG_INFORMATION_FORMAT = dwarf;
				ENABLE_STRICT_OBJC_MSGSEND = YES;
				ENABLE_TESTABILITY = YES;
				GCC_C_LANGUAGE_STANDARD = gnu11;
				GCC_DYNAMIC_NO_PIC = NO;
				GCC_NO_COMMON_BLOCKS = YES;
				GCC_OPTIMIZATION_LEVEL = 0;
				GCC_PREPROCESSOR_DEFINITIONS = (
					"DEBUG=1",
					"$(inherited)",
				);
				GCC_WARN_64_TO_32_BIT_CONVERSION = YES;
				GCC_WARN_ABOUT_RETURN_TYPE = YES_ERROR;
				GCC_WARN_UNDECLARED_SELECTOR = YES;
				GCC_WARN_UNINITIALIZED_AUTOS = YES_AGGRESSIVE;
				GCC_WARN_UNUSED_FUNCTION = YES;
				GCC_WARN_UNUSED_VARIABLE = YES;
				IPHONEOS_DEPLOYMENT_TARGET = 16.4;
				MTL_ENABLE_DEBUG_INFO = INCLUDE_SOURCE;
				MTL_FAST_MATH = YES;
				ONLY_ACTIVE_ARCH = YES;
				SDKROOT = iphoneos;
				SWIFT_ACTIVE_COMPILATION_CONDITIONS = DEBUG;
				SWIFT_OPTIMIZATION_LEVEL = "-Onone";
			};
			name = Debug;
		};
		06324B422A4C1FC400142FD1 /* Release */ = {
			isa = XCBuildConfiguration;
			buildSettings = {
				ALWAYS_SEARCH_USER_PATHS = NO;
				CLANG_ANALYZER_NONNULL = YES;
				CLANG_ANALYZER_NUMBER_OBJECT_CONVERSION = YES_AGGRESSIVE;
				CLANG_CXX_LANGUAGE_STANDARD = "gnu++20";
				CLANG_ENABLE_MODULES = YES;
				CLANG_ENABLE_OBJC_ARC = YES;
				CLANG_ENABLE_OBJC_WEAK = YES;
				CLANG_WARN_BLOCK_CAPTURE_AUTORELEASING = YES;
				CLANG_WARN_BOOL_CONVERSION = YES;
				CLANG_WARN_COMMA = YES;
				CLANG_WARN_CONSTANT_CONVERSION = YES;
				CLANG_WARN_DEPRECATED_OBJC_IMPLEMENTATIONS = YES;
				CLANG_WARN_DIRECT_OBJC_ISA_USAGE = YES_ERROR;
				CLANG_WARN_DOCUMENTATION_COMMENTS = YES;
				CLANG_WARN_EMPTY_BODY = YES;
				CLANG_WARN_ENUM_CONVERSION = YES;
				CLANG_WARN_INFINITE_RECURSION = YES;
				CLANG_WARN_INT_CONVERSION = YES;
				CLANG_WARN_NON_LITERAL_NULL_CONVERSION = YES;
				CLANG_WARN_OBJC_IMPLICIT_RETAIN_SELF = YES;
				CLANG_WARN_OBJC_LITERAL_CONVERSION = YES;
				CLANG_WARN_OBJC_ROOT_CLASS = YES_ERROR;
				CLANG_WARN_QUOTED_INCLUDE_IN_FRAMEWORK_HEADER = YES;
				CLANG_WARN_RANGE_LOOP_ANALYSIS = YES;
				CLANG_WARN_STRICT_PROTOTYPES = YES;
				CLANG_WARN_SUSPICIOUS_MOVE = YES;
				CLANG_WARN_UNGUARDED_AVAILABILITY = YES_AGGRESSIVE;
				CLANG_WARN_UNREACHABLE_CODE = YES;
				CLANG_WARN__DUPLICATE_METHOD_MATCH = YES;
				COPY_PHASE_STRIP = NO;
				DEBUG_INFORMATION_FORMAT = "dwarf-with-dsym";
				ENABLE_NS_ASSERTIONS = NO;
				ENABLE_STRICT_OBJC_MSGSEND = YES;
				GCC_C_LANGUAGE_STANDARD = gnu11;
				GCC_NO_COMMON_BLOCKS = YES;
				GCC_WARN_64_TO_32_BIT_CONVERSION = YES;
				GCC_WARN_ABOUT_RETURN_TYPE = YES_ERROR;
				GCC_WARN_UNDECLARED_SELECTOR = YES;
				GCC_WARN_UNINITIALIZED_AUTOS = YES_AGGRESSIVE;
				GCC_WARN_UNUSED_FUNCTION = YES;
				GCC_WARN_UNUSED_VARIABLE = YES;
				IPHONEOS_DEPLOYMENT_TARGET = 16.4;
				MTL_ENABLE_DEBUG_INFO = NO;
				MTL_FAST_MATH = YES;
				SDKROOT = iphoneos;
				SWIFT_COMPILATION_MODE = wholemodule;
				SWIFT_OPTIMIZATION_LEVEL = "-O";
				VALIDATE_PRODUCT = YES;
			};
			name = Release;
		};
		06324B442A4C1FC400142FD1 /* Debug */ = {
			isa = XCBuildConfiguration;
			baseConfigurationReference = 06E656148DFD8C18AD1BA45B /* Pods-DoubleCoin.debug.xcconfig */;
			buildSettings = {
				ALWAYS_EMBED_SWIFT_STANDARD_LIBRARIES = YES;
				ASSETCATALOG_COMPILER_APPICON_NAME = AppIcon;
				ASSETCATALOG_COMPILER_GLOBAL_ACCENT_COLOR_NAME = AccentColor;
				CODE_SIGN_STYLE = Automatic;
				CURRENT_PROJECT_VERSION = 1;
				DEVELOPMENT_TEAM = H283S3BVFN;
				GENERATE_INFOPLIST_FILE = YES;
				INFOPLIST_FILE = DoubleCoin/Info.plist;
				INFOPLIST_KEY_UIApplicationSupportsIndirectInputEvents = YES;
				INFOPLIST_KEY_UILaunchStoryboardName = LaunchScreen;
				INFOPLIST_KEY_UIMainStoryboardFile = Main;
				INFOPLIST_KEY_UISupportedInterfaceOrientations = "UIInterfaceOrientationLandscapeLeft UIInterfaceOrientationLandscapeRight UIInterfaceOrientationPortrait";
				INFOPLIST_KEY_UISupportedInterfaceOrientations_iPad = "UIInterfaceOrientationPortrait UIInterfaceOrientationPortraitUpsideDown";
				LD_RUNPATH_SEARCH_PATHS = (
					"$(inherited)",
					"@executable_path/Frameworks",
				);
				MARKETING_VERSION = 1.0;
				PRODUCT_BUNDLE_IDENTIFIER = com.DoubleC.DoubleCoin;
				PRODUCT_NAME = "$(TARGET_NAME)";
				SWIFT_EMIT_LOC_STRINGS = YES;
				SWIFT_VERSION = 5.0;
				TARGETED_DEVICE_FAMILY = "1,2";
			};
			name = Debug;
		};
		06324B452A4C1FC400142FD1 /* Release */ = {
			isa = XCBuildConfiguration;
			baseConfigurationReference = 5A9CDCC99FF991AF56A00388 /* Pods-DoubleCoin.release.xcconfig */;
			buildSettings = {
				ALWAYS_EMBED_SWIFT_STANDARD_LIBRARIES = YES;
				ASSETCATALOG_COMPILER_APPICON_NAME = AppIcon;
				ASSETCATALOG_COMPILER_GLOBAL_ACCENT_COLOR_NAME = AccentColor;
				CODE_SIGN_STYLE = Automatic;
				CURRENT_PROJECT_VERSION = 1;
				DEVELOPMENT_TEAM = H283S3BVFN;
				GENERATE_INFOPLIST_FILE = YES;
				INFOPLIST_FILE = DoubleCoin/Info.plist;
				INFOPLIST_KEY_UIApplicationSupportsIndirectInputEvents = YES;
				INFOPLIST_KEY_UILaunchStoryboardName = LaunchScreen;
				INFOPLIST_KEY_UIMainStoryboardFile = Main;
				INFOPLIST_KEY_UISupportedInterfaceOrientations = "UIInterfaceOrientationLandscapeLeft UIInterfaceOrientationLandscapeRight UIInterfaceOrientationPortrait";
				INFOPLIST_KEY_UISupportedInterfaceOrientations_iPad = "UIInterfaceOrientationPortrait UIInterfaceOrientationPortraitUpsideDown";
				LD_RUNPATH_SEARCH_PATHS = (
					"$(inherited)",
					"@executable_path/Frameworks",
				);
				MARKETING_VERSION = 1.0;
				PRODUCT_BUNDLE_IDENTIFIER = com.DoubleC.DoubleCoin;
				PRODUCT_NAME = "$(TARGET_NAME)";
				SWIFT_EMIT_LOC_STRINGS = YES;
				SWIFT_VERSION = 5.0;
				TARGETED_DEVICE_FAMILY = "1,2";
			};
			name = Release;
		};
		06A260E12A5EB7680011BFF5 /* Debug */ = {
			isa = XCBuildConfiguration;
			buildSettings = {
				ASSETCATALOG_COMPILER_GLOBAL_ACCENT_COLOR_NAME = AccentColor;
				ASSETCATALOG_COMPILER_WIDGET_BACKGROUND_COLOR_NAME = WidgetBackground;
				CODE_SIGN_STYLE = Automatic;
				CURRENT_PROJECT_VERSION = 1;
				DEVELOPMENT_TEAM = H283S3BVFN;
				GENERATE_INFOPLIST_FILE = YES;
				INFOPLIST_FILE = DoubleCoinWidget/Info.plist;
				INFOPLIST_KEY_CFBundleDisplayName = DoubleCoinWidget;
				INFOPLIST_KEY_NSHumanReadableCopyright = "";
				LD_RUNPATH_SEARCH_PATHS = (
					"$(inherited)",
					"@executable_path/Frameworks",
					"@executable_path/../../Frameworks",
				);
				MARKETING_VERSION = 1.0;
				PRODUCT_BUNDLE_IDENTIFIER = com.DoubleC.DoubleCoin.DoubleCoinWidget;
				PRODUCT_NAME = "$(TARGET_NAME)";
				SKIP_INSTALL = YES;
				SWIFT_EMIT_LOC_STRINGS = YES;
				SWIFT_VERSION = 5.0;
				TARGETED_DEVICE_FAMILY = "1,2";
			};
			name = Debug;
		};
		06A260E22A5EB7680011BFF5 /* Release */ = {
			isa = XCBuildConfiguration;
			buildSettings = {
				ASSETCATALOG_COMPILER_GLOBAL_ACCENT_COLOR_NAME = AccentColor;
				ASSETCATALOG_COMPILER_WIDGET_BACKGROUND_COLOR_NAME = WidgetBackground;
				CODE_SIGN_STYLE = Automatic;
				CURRENT_PROJECT_VERSION = 1;
				DEVELOPMENT_TEAM = H283S3BVFN;
				GENERATE_INFOPLIST_FILE = YES;
				INFOPLIST_FILE = DoubleCoinWidget/Info.plist;
				INFOPLIST_KEY_CFBundleDisplayName = DoubleCoinWidget;
				INFOPLIST_KEY_NSHumanReadableCopyright = "";
				LD_RUNPATH_SEARCH_PATHS = (
					"$(inherited)",
					"@executable_path/Frameworks",
					"@executable_path/../../Frameworks",
				);
				MARKETING_VERSION = 1.0;
				PRODUCT_BUNDLE_IDENTIFIER = com.DoubleC.DoubleCoin.DoubleCoinWidget;
				PRODUCT_NAME = "$(TARGET_NAME)";
				SKIP_INSTALL = YES;
				SWIFT_EMIT_LOC_STRINGS = YES;
				SWIFT_VERSION = 5.0;
				TARGETED_DEVICE_FAMILY = "1,2";
			};
			name = Release;
		};
/* End XCBuildConfiguration section */

/* Begin XCConfigurationList section */
		06324B272A4C1FC300142FD1 /* Build configuration list for PBXProject "DoubleCoin" */ = {
			isa = XCConfigurationList;
			buildConfigurations = (
				06324B412A4C1FC400142FD1 /* Debug */,
				06324B422A4C1FC400142FD1 /* Release */,
			);
			defaultConfigurationIsVisible = 0;
			defaultConfigurationName = Release;
		};
		06324B432A4C1FC400142FD1 /* Build configuration list for PBXNativeTarget "DoubleCoin" */ = {
			isa = XCConfigurationList;
			buildConfigurations = (
				06324B442A4C1FC400142FD1 /* Debug */,
				06324B452A4C1FC400142FD1 /* Release */,
			);
			defaultConfigurationIsVisible = 0;
			defaultConfigurationName = Release;
		};
		06A260E32A5EB7680011BFF5 /* Build configuration list for PBXNativeTarget "DoubleCoinWidgetExtension" */ = {
			isa = XCConfigurationList;
			buildConfigurations = (
				06A260E12A5EB7680011BFF5 /* Debug */,
				06A260E22A5EB7680011BFF5 /* Release */,
			);
			defaultConfigurationIsVisible = 0;
			defaultConfigurationName = Release;
		};
/* End XCConfigurationList section */

/* Begin XCVersionGroup section */
		06324B382A4C1FC300142FD1 /* DoubleCoin.xcdatamodeld */ = {
			isa = XCVersionGroup;
			children = (
				06324B392A4C1FC300142FD1 /* DoubleCoin.xcdatamodel */,
			);
			currentVersion = 06324B392A4C1FC300142FD1 /* DoubleCoin.xcdatamodel */;
			path = DoubleCoin.xcdatamodeld;
			sourceTree = "<group>";
			versionGroupType = wrapper.xcdatamodel;
		};
/* End XCVersionGroup section */
	};
	rootObject = 06324B242A4C1FC300142FD1 /* Project object */;
}
